
Microsoft Visual Studio Solution File, Format Version 12.00
# Visual Studio Version 17
VisualStudioVersion = 17.8.34525.116
MinimumVisualStudioVersion = 10.0.40219.1
Project("{FAE04EC0-301F-11D3-BF4B-00C04F79EFBC}") = "Week4", "Week4\Week4.csproj", "{FD0DCABB-91A7-40D4-83B0-03F02643431D}"
EndProject
Project("{FAE04EC0-301F-11D3-BF4B-00C04F79EFBC}") = "ForLoopSum", "ForLoopSum\ForLoopSum.csproj", "{FFFB4E1F-7D23-446E-B51D-046284D1B786}"
EndProject
Project("{FAE04EC0-301F-11D3-BF4B-00C04F79EFBC}") = "RandomNumber", "RandomNumber\RandomNumber.csproj", "{194BFBEA-EFA9-4B5A-B36B-4657ACD07048}"
EndProject
Project("{FAE04EC0-301F-11D3-BF4B-00C04F79EFBC}") = "Test", "Test\Test.csproj", "{02D4902B-FFE7-4397-B0AD-7AC0BCAA65EB}"
EndProject
Project("{FAE04EC0-301F-11D3-BF4B-00C04F79EFBC}") = "WhileLoops", "WhileLoops\WhileLoops.csproj", "{3739B26D-1C71-4735-824C-09CB729CE94F}"
EndProject
Global
	GlobalSection(SolutionConfigurationPlatforms) = preSolution
		Debug|Any CPU = Debug|Any CPU
		Release|Any CPU = Release|Any CPU
	EndGlobalSection
	GlobalSection(ProjectConfigurationPlatforms) = postSolution
		{FD0DCABB-91A7-40D4-83B0-03F02643431D}.Debug|Any CPU.ActiveCfg = Debug|Any CPU
		{FD0DCABB-91A7-40D4-83B0-03F02643431D}.Debug|Any CPU.Build.0 = Debug|Any CPU
		{FD0DCABB-91A7-40D4-83B0-03F02643431D}.Release|Any CPU.ActiveCfg = Release|Any CPU
		{FD0DCABB-91A7-40D4-83B0-03F02643431D}.Release|Any CPU.Build.0 = Release|Any CPU
		{FFFB4E1F-7D23-446E-B51D-046284D1B786}.Debug|Any CPU.ActiveCfg = Debug|Any CPU
		{FFFB4E1F-7D23-446E-B51D-046284D1B786}.Debug|Any CPU.Build.0 = Debug|Any CPU
		{FFFB4E1F-7D23-446E-B51D-046284D1B786}.Release|Any CPU.ActiveCfg = Release|Any CPU
		{FFFB4E1F-7D23-446E-B51D-046284D1B786}.Release|Any CPU.Build.0 = Release|Any CPU
		{194BFBEA-EFA9-4B5A-B36B-4657ACD07048}.Debug|Any CPU.ActiveCfg = Debug|Any CPU
		{194BFBEA-EFA9-4B5A-B36B-4657ACD07048}.Debug|Any CPU.Build.0 = Debug|Any CPU
		{194BFBEA-EFA9-4B5A-B36B-4657ACD07048}.Release|Any CPU.ActiveCfg = Release|Any CPU
		{194BFBEA-EFA9-4B5A-B36B-4657ACD07048}.Release|Any CPU.Build.0 = Release|Any CPU
		{02D4902B-FFE7-4397-B0AD-7AC0BCAA65EB}.Debug|Any CPU.ActiveCfg = Debug|Any CPU
		{02D4902B-FFE7-4397-B0AD-7AC0BCAA65EB}.Debug|Any CPU.Build.0 = Debug|Any CPU
		{02D4902B-FFE7-4397-B0AD-7AC0BCAA65EB}.Release|Any CPU.ActiveCfg = Release|Any CPU
		{02D4902B-FFE7-4397-B0AD-7AC0BCAA65EB}.Release|Any CPU.Build.0 = Release|Any CPU
		{3739B26D-1C71-4735-824C-09CB729CE94F}.Debug|Any CPU.ActiveCfg = Debug|Any CPU
		{3739B26D-1C71-4735-824C-09CB729CE94F}.Debug|Any CPU.Build.0 = Debug|Any CPU
		{3739B26D-1C71-4735-824C-09CB729CE94F}.Release|Any CPU.ActiveCfg = Release|Any CPU
		{3739B26D-1C71-4735-824C-09CB729CE94F}.Release|Any CPU.Build.0 = Release|Any CPU
	EndGlobalSection
	GlobalSection(SolutionProperties) = preSolution
		HideSolutionNode = FALSE
	EndGlobalSection
	GlobalSection(ExtensibilityGlobals) = postSolution
		SolutionGuid = {BE118D74-9AA3-4627-91D5-0F7C5205E2F0}
	EndGlobalSection
EndGlobal
